{
  "name": "@remit-email/rspamd",
  "version": "0.0.1",
  "lockfileVersion": 1,
  "requires": true,
  "dependencies": {
    "rspamd-client": {
      "version": "0.0.2",
      "resolved": "https://registry.npmjs.org/rspamd-client/-/rspamd-client-0.0.2.tgz",
      "integrity": "sha512-yWRAGjI2LI01612duXoC1n4K/Cdx+u9cU+QYI5RUvG9r3/X6e6ecqd5rQ2dNngj0wtziIBaxUFI8uF7a7Na69Q==",
      "dev": true
    }
  }
}
